// !$*UTF8*$!
{
	archiveVersion = 1;
	classes = {
	};
	objectVersion = 48;
	objects = {

/* Begin PBXBuildFile section */
		18ECE043204C265E00EC792F /* AppDelegate.swift in Sources */ = {isa = PBXBuildFile; fileRef = 18ECE042204C265E00EC792F /* AppDelegate.swift */; };
		18ECE045204C265E00EC792F /* ViewController.swift in Sources */ = {isa = PBXBuildFile; fileRef = 18ECE044204C265E00EC792F /* ViewController.swift */; };
		18ECE048204C265E00EC792F /* Main.storyboard in Resources */ = {isa = PBXBuildFile; fileRef = 18ECE046204C265E00EC792F /* Main.storyboard */; };
		18ECE04A204C265E00EC792F /* Assets.xcassets in Resources */ = {isa = PBXBuildFile; fileRef = 18ECE049204C265E00EC792F /* Assets.xcassets */; };
		18ECE04D204C265E00EC792F /* LaunchScreen.storyboard in Resources */ = {isa = PBXBuildFile; fileRef = 18ECE04B204C265E00EC792F /* LaunchScreen.storyboard */; };
		18ECE056204C271000EC792F /* parking-ticket.png in Resources */ = {isa = PBXBuildFile; fileRef = 18ECE055204C271000EC792F /* parking-ticket.png */; };
		18ECE059204C29DF00EC792F /* BEYNO.otf in Resources */ = {isa = PBXBuildFile; fileRef = 18ECE058204C29DF00EC792F /* BEYNO.otf */; };
		18ECE05B204C2B4600EC792F /* BEYNO.ttf in Resources */ = {isa = PBXBuildFile; fileRef = 18ECE05A204C2B4600EC792F /* BEYNO.ttf */; };
/* End PBXBuildFile section */

/* Begin PBXFileReference section */
		18ECE03F204C265E00EC792F /* ParkingSystemBugPACers.app */ = {isa = PBXFileReference; explicitFileType = wrapper.application; includeInIndex = 0; path = ParkingSystemBugPACers.app; sourceTree = BUILT_PRODUCTS_DIR; };
		18ECE042204C265E00EC792F /* AppDelegate.swift */ = {isa = PBXFileReference; lastKnownFileType = sourcecode.swift; path = AppDelegate.swift; sourceTree = "<group>"; };
		18ECE044204C265E00EC792F /* ViewController.swift */ = {isa = PBXFileReference; lastKnownFileType = sourcecode.swift; path = ViewController.swift; sourceTree = "<group>"; };
		18ECE047204C265E00EC792F /* Base */ = {isa = PBXFileReference; lastKnownFileType = file.storyboard; name = Base; path = Base.lproj/Main.storyboard; sourceTree = "<group>"; };
		18ECE049204C265E00EC792F /* Assets.xcassets */ = {isa = PBXFileReference; lastKnownFileType = folder.assetcatalog; path = Assets.xcassets; sourceTree = "<group>"; };
		18ECE04C204C265E00EC792F /* Base */ = {isa = PBXFileReference; lastKnownFileType = file.storyboard; name = Base; path = Base.lproj/LaunchScreen.storyboard; sourceTree = "<group>"; };
		18ECE04E204C265E00EC792F /* Info.plist */ = {isa = PBXFileReference; lastKnownFileType = text.plist.xml; path = Info.plist; sourceTree = "<group>"; };
		18ECE055204C271000EC792F /* parking-ticket.png */ = {isa = PBXFileReference; lastKnownFileType = image.png; path = "parking-ticket.png"; sourceTree = "<group>"; };
		18ECE058204C29DF00EC792F /* BEYNO.otf */ = {isa = PBXFileReference; lastKnownFileType = file; path = BEYNO.otf; sourceTree = "<group>"; };
		18ECE05A204C2B4600EC792F /* BEYNO.ttf */ = {isa = PBXFileReference; lastKnownFileType = file; path = BEYNO.ttf; sourceTree = "<group>"; };
/* End PBXFileReference section */

/* Begin PBXGroup section */
		18ECE036204C265E00EC792F = {
			isa = PBXGroup;
			children = (
				18ECE041204C265E00EC792F /* ParkingSystemBugPACers */,
				18ECE040204C265E00EC792F /* Products */,
			);
			sourceTree = "<group>";
		};
		18ECE040204C265E00EC792F /* Products */ = {
			isa = PBXGroup;
			children = (
				18ECE03F204C265E00EC792F /* ParkingSystemBugPACers.app */,
			);
			name = Products;
			sourceTree = "<group>";
		};
		18ECE041204C265E00EC792F /* ParkingSystemBugPACers */ = {
			isa = PBXGroup;
			children = (
				18ECE057204C29CF00EC792F /* Fonts */,
				18ECE054204C26FB00EC792F /* Images */,
				18ECE042204C265E00EC792F /* AppDelegate.swift */,
				18ECE044204C265E00EC792F /* ViewController.swift */,
				18ECE046204C265E00EC792F /* Main.storyboard */,
				18ECE049204C265E00EC792F /* Assets.xcassets */,
				18ECE04B204C265E00EC792F /* LaunchScreen.storyboard */,
				18ECE04E204C265E00EC792F /* Info.plist */,
			);
			path = ParkingSystemBugPACers;
			sourceTree = "<group>";
		};
		18ECE054204C26FB00EC792F /* Images */ = {
			isa = PBXGroup;
			children = (
				18ECE055204C271000EC792F /* parking-ticket.png */,
			);
			path = Images;
			sourceTree = "<group>";
		};
		18ECE057204C29CF00EC792F /* Fonts */ = {
			isa = PBXGroup;
			children = (
				18ECE058204C29DF00EC792F /* BEYNO.otf */,
				18ECE05A204C2B4600EC792F /* BEYNO.ttf */,
			);
			path = Fonts;
			sourceTree = "<group>";
		};
/* End PBXGroup section */

/* Begin PBXNativeTarget section */
		18ECE03E204C265E00EC792F /* ParkingSystemBugPACers */ = {
			isa = PBXNativeTarget;
			buildConfigurationList = 18ECE051204C265E00EC792F /* Build configuration list for PBXNativeTarget "ParkingSystemBugPACers" */;
			buildPhases = (
				18ECE03B204C265E00EC792F /* Sources */,
				18ECE03D204C265E00EC792F /* Resources */,
			);
			buildRules = (
			);
			dependencies = (
			);
			name = ParkingSystemBugPACers;
			productName = ParkingSystemBugPACers;
			productReference = 18ECE03F204C265E00EC792F /* ParkingSystemBugPACers.app */;
			productType = "com.apple.product-type.application";
		};
/* End PBXNativeTarget section */

/* Begin PBXProject section */
		18ECE037204C265E00EC792F /* Project object */ = {
			isa = PBXProject;
			attributes = {
				LastSwiftUpdateCheck = 0920;
				LastUpgradeCheck = 0920;
				ORGANIZATIONNAME = ShadyBond;
				TargetAttributes = {
					18ECE03E204C265E00EC792F = {
						CreatedOnToolsVersion = 9.2;
						ProvisioningStyle = Automatic;
					};
				};
			};
			buildConfigurationList = 18ECE03A204C265E00EC792F /* Build configuration list for PBXProject "ParkingSystemBugPACers" */;
			compatibilityVersion = "Xcode 8.0";
			developmentRegion = en;
			hasScannedForEncodings = 0;
			knownRegions = (
				en,
				Base,
			);
			mainGroup = 18ECE036204C265E00EC792F;
			productRefGroup = 18ECE040204C265E00EC792F /* Products */;
			projectDirPath = "";
			projectRoot = "";
			targets = (
				18ECE03E204C265E00EC792F /* ParkingSystemBugPACers */,
			);
		};
/* End PBXProject section */

/* Begin PBXResourcesBuildPhase section */
		18ECE03D204C265E00EC792F /* Resources */ = {
			isa = PBXResourcesBuildPhase;
			buildActionMask = 2147483647;
			files = (
				18ECE059204C29DF00EC792F /* BEYNO.otf in Resources */,
				18ECE04D204C265E00EC792F /* LaunchScreen.storyboard in Resources */,
				18ECE05B204C2B4600EC792F /* BEYNO.ttf in Resources */,
				18ECE04A204C265E00EC792F /* Assets.xcassets in Resources */,
				18ECE056204C271000EC792F /* parking-ticket.png in Resources */,
				18ECE048204C265E00EC792F /* Main.storyboard in Resources */,
			);
			runOnlyForDeploymentPostprocessing = 0;
		};
/* End PBXResourcesBuildPhase section */

/* Begin PBXSourcesBuildPhase section */
		18ECE03B204C265E00EC792F /* Sources */ = {
			isa = PBXSourcesBuildPhase;
			buildActionMask = 2147483647;
			files = (
				18ECE045204C265E00EC792F /* ViewController.swift in Sources */,
				18ECE043204C265E00EC792F /* AppDelegate.swift in Sources */,
			);
			runOnlyForDeploymentPostprocessing = 0;
		};
/* End PBXSourcesBuildPhase section */

/* Begin PBXVariantGroup section */
		18ECE046204C265E00EC792F /* Main.storyboard */ = {
			isa = PBXVariantGroup;
			children = (
				18ECE047204C265E00EC792F /* Base */,
			);
			name = Main.storyboard;
			sourceTree = "<group>";
		};
		18ECE04B204C265E00EC792F /* LaunchScreen.storyboard */ = {
			isa = PBXVariantGroup;
			children = (
				18ECE04C204C265E00EC792F /* Base */,
			);
			name = LaunchScreen.storyboard;
			sourceTree = "<group>";
		};
/* End PBXVariantGroup section */

/* Begin XCBuildConfiguration section */
		18ECE04F204C265E00EC792F /* Debug */ = {
			isa = XCBuildConfiguration;
			buildSettings = {
				ALWAYS_SEARCH_USER_PATHS = NO;
				CLANG_ANALYZER_NONNULL = YES;
				CLANG_ANALYZER_NUMBER_OBJECT_CONVERSION = YES_AGGRESSIVE;
				CLANG_CXX_LANGUAGE_STANDARD = "gnu++14";
				CLANG_CXX_LIBRARY = "libc++";
				CLANG_ENABLE_MODULES = YES;
				CLANG_ENABLE_OBJC_ARC = YES;
				CLANG_WARN_BLOCK_CAPTURE_AUTORELEASING = YES;
				CLANG_WARN_BOOL_CONVERSION = YES;
				CLANG_WARN_COMMA = YES;
				CLANG_WARN_CONSTANT_CONVERSION = YES;
				CLANG_WARN_DIRECT_OBJC_ISA_USAGE = YES_ERROR;
				CLANG_WARN_DOCUMENTATION_COMMENTS = YES;
				CLANG_WARN_EMPTY_BODY = YES;
				CLANG_WARN_ENUM_CONVERSION = YES;
				CLANG_WARN_INFINITE_RECURSION = YES;
				CLANG_WARN_INT_CONVERSION = YES;
				CLANG_WARN_NON_LITERAL_NULL_CONVERSION = YES;
				CLANG_WARN_OBJC_LITERAL_CONVERSION = YES;
				CLANG_WARN_OBJC_ROOT_CLASS = YES_ERROR;
				CLANG_WARN_RANGE_LOOP_ANALYSIS = YES;
				CLANG_WARN_STRICT_PROTOTYPES = YES;
				CLANG_WARN_SUSPICIOUS_MOVE = YES;
				CLANG_WARN_UNGUARDED_AVAILABILITY = YES_AGGRESSIVE;
				CLANG_WARN_UNREACHABLE_CODE = YES;
				CLANG_WARN__DUPLICATE_METHOD_MATCH = YES;
				CODE_SIGN_IDENTITY = "iPhone Developer";
				COPY_PHASE_STRIP = NO;
				DEBUG_INFORMATION_FORMAT = dwarf;
				ENABLE_STRICT_OBJC_MSGSEND = YES;
				ENABLE_TESTABILITY = YES;
				GCC_C_LANGUAGE_STANDARD = gnu11;
				GCC_DYNAMIC_NO_PIC = NO;
				GCC_NO_COMMON_BLOCKS = YES;
				GCC_OPTIMIZATION_LEVEL = 0;
				GCC_PREPROCESSOR_DEFINITIONS = (
					"DEBUG=1",
					"$(inherited)",
				);
				GCC_WARN_64_TO_32_BIT_CONVERSION = YES;
				GCC_WARN_ABOUT_RETURN_TYPE = YES_ERROR;
				GCC_WARN_UNDECLARED_SELECTOR = YES;
				GCC_WARN_UNINITIALIZED_AUTOS = YES_AGGRESSIVE;
				GCC_WARN_UNUSED_FUNCTION = YES;
				GCC_WARN_UNUSED_VARIABLE = YES;
				IPHONEOS_DEPLOYMENT_TARGET = 11.2;
				MTL_ENABLE_DEBUG_INFO = YES;
				ONLY_ACTIVE_ARCH = YES;
				SDKROOT = iphoneos;
				SWIFT_ACTIVE_COMPILATION_CONDITIONS = DEBUG;
				SWIFT_OPTIMIZATION_LEVEL = "-Onone";
			};
			name = Debug;
		};
		18ECE050204C265E00EC792F /* Release */ = {
			isa = XCBuildConfiguration;
			buildSettings = {
				ALWAYS_SEARCH_USER_PATHS = NO;
				CLANG_ANALYZER_NONNULL = YES;
				CLANG_ANALYZER_NUMBER_OBJECT_CONVERSION = YES_AGGRESSIVE;
				CLANG_CXX_LANGUAGE_STANDARD = "gnu++14";
				CLANG_CXX_LIBRARY = "libc++";
				CLANG_ENABLE_MODULES = YES;
				CLANG_ENABLE_OBJC_ARC = YES;
				CLANG_WARN_BLOCK_CAPTURE_AUTORELEASING = YES;
				CLANG_WARN_BOOL_CONVERSION = YES;
				CLANG_WARN_COMMA = YES;
				CLANG_WARN_CONSTANT_CONVERSION = YES;
				CLANG_WARN_DIRECT_OBJC_ISA_USAGE = YES_ERROR;
				CLANG_WARN_DOCUMENTATION_COMMENTS = YES;
				CLANG_WARN_EMPTY_BODY = YES;
				CLANG_WARN_ENUM_CONVERSION = YES;
				CLANG_WARN_INFINITE_RECURSION = YES;
				CLANG_WARN_INT_CONVERSION = YES;
				CLANG_WARN_NON_LITERAL_NULL_CONVERSION = YES;
				CLANG_WARN_OBJC_LITERAL_CONVERSION = YES;
				CLANG_WARN_OBJC_ROOT_CLASS = YES_ERROR;
				CLANG_WARN_RANGE_LOOP_ANALYSIS = YES;
				CLANG_WARN_STRICT_PROTOTYPES = YES;
				CLANG_WARN_SUSPICIOUS_MOVE = YES;
				CLANG_WARN_UNGUARDED_AVAILABILITY = YES_AGGRESSIVE;
				CLANG_WARN_UNREACHABLE_CODE = YES;
				CLANG_WARN__DUPLICATE_METHOD_MATCH = YES;
				CODE_SIGN_IDENTITY = "iPhone Developer";
				COPY_PHASE_STRIP = NO;
				DEBUG_INFORMATION_FORMAT = "dwarf-with-dsym";
				ENABLE_NS_ASSERTIONS = NO;
				ENABLE_STRICT_OBJC_MSGSEND = YES;
				GCC_C_LANGUAGE_STANDARD = gnu11;
				GCC_NO_COMMON_BLOCKS = YES;
				GCC_WARN_64_TO_32_BIT_CONVERSION = YES;
				GCC_WARN_ABOUT_RETURN_TYPE = YES_ERROR;
				GCC_WARN_UNDECLARED_SELECTOR = YES;
				GCC_WARN_UNINITIALIZED_AUTOS = YES_AGGRESSIVE;
				GCC_WARN_UNUSED_FUNCTION = YES;
				GCC_WARN_UNUSED_VARIABLE = YES;
				IPHONEOS_DEPLOYMENT_TARGET = 11.2;
				MTL_ENABLE_DEBUG_INFO = NO;
				SDKROOT = iphoneos;
				SWIFT_OPTIMIZATION_LEVEL = "-Owholemodule";
				VALIDATE_PRODUCT = YES;
			};
			name = Release;
		};
		18ECE052204C265E00EC792F /* Debug */ = {
			isa = XCBuildConfiguration;
			buildSettings = {
				ASSETCATALOG_COMPILER_APPICON_NAME = AppIcon;
				CODE_SIGN_STYLE = Automatic;
				DEVELOPMENT_TEAM = 3BAK9GKWK3;
				INFOPLIST_FILE = ParkingSystemBugPACers/Info.plist;
				LD_RUNPATH_SEARCH_PATHS = "$(inherited) @executable_path/Frameworks";
				PRODUCT_BUNDLE_IDENTIFIER = ShadyBond.ParkingSystemBugPACers;
				PRODUCT_NAME = "$(TARGET_NAME)";
				SWIFT_VERSION = 4.0;
				TARGETED_DEVICE_FAMILY = "1,2";
			};
			name = Debug;
		};
		18ECE053204C265E00EC792F /* Release */ = {
			isa = XCBuildConfiguration;
			buildSettings = {
				ASSETCATALOG_COMPILER_APPICON_NAME = AppIcon;
				CODE_SIGN_STYLE = Automatic;
				DEVELOPMENT_TEAM = 3BAK9GKWK3;
				INFOPLIST_FILE = ParkingSystemBugPACers/Info.plist;
				LD_RUNPATH_SEARCH_PATHS = "$(inherited) @executable_path/Frameworks";
				PRODUCT_BUNDLE_IDENTIFIER = ShadyBond.ParkingSystemBugPACers;
				PRODUCT_NAME = "$(TARGET_NAME)";
				SWIFT_VERSION = 4.0;
				TARGETED_DEVICE_FAMILY = "1,2";
			};
			name = Release;
		};
/* End XCBuildConfiguration section */

/* Begin XCConfigurationList section */
		18ECE03A204C265E00EC792F /* Build configuration list for PBXProject "ParkingSystemBugPACers" */ = {
			isa = XCConfigurationList;
			buildConfigurations = (
				18ECE04F204C265E00EC792F /* Debug */,
				18ECE050204C265E00EC792F /* Release */,
			);
			defaultConfigurationIsVisible = 0;
			defaultConfigurationName = Release;
		};
		18ECE051204C265E00EC792F /* Build configuration list for PBXNativeTarget "ParkingSystemBugPACers" */ = {
			isa = XCConfigurationList;
			buildConfigurations = (
				18ECE052204C265E00EC792F /* Debug */,
				18ECE053204C265E00EC792F /* Release */,
			);
			defaultConfigurationIsVisible = 0;
			defaultConfigurationName = Release;
		};
/* End XCConfigurationList section */
	};
	rootObject = 18ECE037204C265E00EC792F /* Project object */;
}
